
Microsoft Visual Studio Solution File, Format Version 12.00
# Visual Studio 15
VisualStudioVersion = 15.0.26124.0
MinimumVisualStudioVersion = 15.0.26124.0
Project("{FAE04EC0-301F-11D3-BF4B-00C04F79EFBC}") = "AEGF.Dominio", "AEGF.Dominio\AEGF.Dominio.csproj", "{54E5CAC2-FE8E-4CD7-B050-8516877D7A53}"
EndProject
Project("{FAE04EC0-301F-11D3-BF4B-00C04F79EFBC}") = "AEGF.Infra", "AEGF.Infra\AEGF.Infra.csproj", "{0D1CF82A-9F90-4FBF-BBEF-AA0B8A05ECF9}"
EndProject
Project("{FAE04EC0-301F-11D3-BF4B-00C04F79EFBC}") = "AEGF.RepositorioJson", "AEGF.RepositorioJson\AEGF.RepositorioJson.csproj", "{4D431692-E959-43FE-A83B-8F2A6ABBF4B7}"
EndProject
Global
	GlobalSection(SolutionConfigurationPlatforms) = preSolution
		Debug|Any CPU = Debug|Any CPU
		Debug|x64 = Debug|x64
		Debug|x86 = Debug|x86
		Release|Any CPU = Release|Any CPU
		Release|x64 = Release|x64
		Release|x86 = Release|x86
	EndGlobalSection
	GlobalSection(SolutionProperties) = preSolution
		HideSolutionNode = FALSE
	EndGlobalSection
	GlobalSection(ProjectConfigurationPlatforms) = postSolution
		{54E5CAC2-FE8E-4CD7-B050-8516877D7A53}.Debug|Any CPU.ActiveCfg = Debug|Any CPU
		{54E5CAC2-FE8E-4CD7-B050-8516877D7A53}.Debug|Any CPU.Build.0 = Debug|Any CPU
		{54E5CAC2-FE8E-4CD7-B050-8516877D7A53}.Debug|x64.ActiveCfg = Debug|Any CPU
		{54E5CAC2-FE8E-4CD7-B050-8516877D7A53}.Debug|x64.Build.0 = Debug|Any CPU
		{54E5CAC2-FE8E-4CD7-B050-8516877D7A53}.Debug|x86.ActiveCfg = Debug|Any CPU
		{54E5CAC2-FE8E-4CD7-B050-8516877D7A53}.Debug|x86.Build.0 = Debug|Any CPU
		{54E5CAC2-FE8E-4CD7-B050-8516877D7A53}.Release|Any CPU.ActiveCfg = Release|Any CPU
		{54E5CAC2-FE8E-4CD7-B050-8516877D7A53}.Release|Any CPU.Build.0 = Release|Any CPU
		{54E5CAC2-FE8E-4CD7-B050-8516877D7A53}.Release|x64.ActiveCfg = Release|Any CPU
		{54E5CAC2-FE8E-4CD7-B050-8516877D7A53}.Release|x64.Build.0 = Release|Any CPU
		{54E5CAC2-FE8E-4CD7-B050-8516877D7A53}.Release|x86.ActiveCfg = Release|Any CPU
		{54E5CAC2-FE8E-4CD7-B050-8516877D7A53}.Release|x86.Build.0 = Release|Any CPU
		{0D1CF82A-9F90-4FBF-BBEF-AA0B8A05ECF9}.Debug|Any CPU.ActiveCfg = Debug|Any CPU
		{0D1CF82A-9F90-4FBF-BBEF-AA0B8A05ECF9}.Debug|Any CPU.Build.0 = Debug|Any CPU
		{0D1CF82A-9F90-4FBF-BBEF-AA0B8A05ECF9}.Debug|x64.ActiveCfg = Debug|Any CPU
		{0D1CF82A-9F90-4FBF-BBEF-AA0B8A05ECF9}.Debug|x64.Build.0 = Debug|Any CPU
		{0D1CF82A-9F90-4FBF-BBEF-AA0B8A05ECF9}.Debug|x86.ActiveCfg = Debug|Any CPU
		{0D1CF82A-9F90-4FBF-BBEF-AA0B8A05ECF9}.Debug|x86.Build.0 = Debug|Any CPU
		{0D1CF82A-9F90-4FBF-BBEF-AA0B8A05ECF9}.Release|Any CPU.ActiveCfg = Release|Any CPU
		{0D1CF82A-9F90-4FBF-BBEF-AA0B8A05ECF9}.Release|Any CPU.Build.0 = Release|Any CPU
		{0D1CF82A-9F90-4FBF-BBEF-AA0B8A05ECF9}.Release|x64.ActiveCfg = Release|Any CPU
		{0D1CF82A-9F90-4FBF-BBEF-AA0B8A05ECF9}.Release|x64.Build.0 = Release|Any CPU
		{0D1CF82A-9F90-4FBF-BBEF-AA0B8A05ECF9}.Release|x86.ActiveCfg = Release|Any CPU
		{0D1CF82A-9F90-4FBF-BBEF-AA0B8A05ECF9}.Release|x86.Build.0 = Release|Any CPU
		{4D431692-E959-43FE-A83B-8F2A6ABBF4B7}.Debug|Any CPU.ActiveCfg = Debug|Any CPU
		{4D431692-E959-43FE-A83B-8F2A6ABBF4B7}.Debug|Any CPU.Build.0 = Debug|Any CPU
		{4D431692-E959-43FE-A83B-8F2A6ABBF4B7}.Debug|x64.ActiveCfg = Debug|Any CPU
		{4D431692-E959-43FE-A83B-8F2A6ABBF4B7}.Debug|x64.Build.0 = Debug|Any CPU
		{4D431692-E959-43FE-A83B-8F2A6ABBF4B7}.Debug|x86.ActiveCfg = Debug|Any CPU
		{4D431692-E959-43FE-A83B-8F2A6ABBF4B7}.Debug|x86.Build.0 = Debug|Any CPU
		{4D431692-E959-43FE-A83B-8F2A6ABBF4B7}.Release|Any CPU.ActiveCfg = Release|Any CPU
		{4D431692-E959-43FE-A83B-8F2A6ABBF4B7}.Release|Any CPU.Build.0 = Release|Any CPU
		{4D431692-E959-43FE-A83B-8F2A6ABBF4B7}.Release|x64.ActiveCfg = Release|Any CPU
		{4D431692-E959-43FE-A83B-8F2A6ABBF4B7}.Release|x64.Build.0 = Release|Any CPU
		{4D431692-E959-43FE-A83B-8F2A6ABBF4B7}.Release|x86.ActiveCfg = Release|Any CPU
		{4D431692-E959-43FE-A83B-8F2A6ABBF4B7}.Release|x86.Build.0 = Release|Any CPU
	EndGlobalSection
EndGlobal
